// !$*UTF8*$!
{
	archiveVersion = 1;
	classes = {
	};
	objectVersion = 55;
	objects = {

/* Begin PBXBuildFile section */
		A0131E5628DD863C008E6522 /* FruitRowView.swift in Sources */ = {isa = PBXBuildFile; fileRef = A0131E5528DD863C008E6522 /* FruitRowView.swift */; };
		A024AAEB28DE637E009E9F09 /* FruitDetailView.swift in Sources */ = {isa = PBXBuildFile; fileRef = A024AAEA28DE637E009E9F09 /* FruitDetailView.swift */; };
		A024AAED28DE68C7009E9F09 /* FruitHeaderView.swift in Sources */ = {isa = PBXBuildFile; fileRef = A024AAEC28DE68C7009E9F09 /* FruitHeaderView.swift */; };
		A024AAEF28DE7245009E9F09 /* SourceLinkView.swift in Sources */ = {isa = PBXBuildFile; fileRef = A024AAEE28DE7245009E9F09 /* SourceLinkView.swift */; };
		A024AAF128DFCCB2009E9F09 /* FruitNutrientsView.swift in Sources */ = {isa = PBXBuildFile; fileRef = A024AAF028DFCCB2009E9F09 /* FruitNutrientsView.swift */; };
		A024AAF328DFDC4F009E9F09 /* SettingsView.swift in Sources */ = {isa = PBXBuildFile; fileRef = A024AAF228DFDC4F009E9F09 /* SettingsView.swift */; };
		A02B10FA28BC7240001AACEB /* FructusApp.swift in Sources */ = {isa = PBXBuildFile; fileRef = A02B10F928BC7240001AACEB /* FructusApp.swift */; };
		A02B10FC28BC7240001AACEB /* ContentView.swift in Sources */ = {isa = PBXBuildFile; fileRef = A02B10FB28BC7240001AACEB /* ContentView.swift */; };
		A02B10FE28BC7243001AACEB /* Assets.xcassets in Resources */ = {isa = PBXBuildFile; fileRef = A02B10FD28BC7243001AACEB /* Assets.xcassets */; };
		A02B110128BC7243001AACEB /* Preview Assets.xcassets in Resources */ = {isa = PBXBuildFile; fileRef = A02B110028BC7243001AACEB /* Preview Assets.xcassets */; };
		A02B110928BC77AB001AACEB /* FruitCardView.swift in Sources */ = {isa = PBXBuildFile; fileRef = A02B110828BC77AB001AACEB /* FruitCardView.swift */; };
		A02B110C28BDA4EB001AACEB /* StartButtonView.swift in Sources */ = {isa = PBXBuildFile; fileRef = A02B110B28BDA4EB001AACEB /* StartButtonView.swift */; };
		A02B110E28BDADC8001AACEB /* OnboardingView.swift in Sources */ = {isa = PBXBuildFile; fileRef = A02B110D28BDADC8001AACEB /* OnboardingView.swift */; };
		A02B111428BDB1DC001AACEB /* FruitData.swift in Sources */ = {isa = PBXBuildFile; fileRef = A02B111328BDB1DC001AACEB /* FruitData.swift */; };
		A0B5E57528E77EAC00744CC5 /* SettingsLabelView.swift in Sources */ = {isa = PBXBuildFile; fileRef = A0B5E57428E77EAC00744CC5 /* SettingsLabelView.swift */; };
		A0E5027528EA6A450078DD40 /* SettingsRowView.swift in Sources */ = {isa = PBXBuildFile; fileRef = A0E5027428EA6A450078DD40 /* SettingsRowView.swift */; };
		A0EAD10728C43695008464F1 /* FruitModel.swift in Sources */ = {isa = PBXBuildFile; fileRef = A0EAD10628C43695008464F1 /* FruitModel.swift */; };
/* End PBXBuildFile section */

/* Begin PBXFileReference section */
		A0131E5528DD863C008E6522 /* FruitRowView.swift */ = {isa = PBXFileReference; lastKnownFileType = sourcecode.swift; path = FruitRowView.swift; sourceTree = "<group>"; };
		A024AAEA28DE637E009E9F09 /* FruitDetailView.swift */ = {isa = PBXFileReference; lastKnownFileType = sourcecode.swift; path = FruitDetailView.swift; sourceTree = "<group>"; };
		A024AAEC28DE68C7009E9F09 /* FruitHeaderView.swift */ = {isa = PBXFileReference; lastKnownFileType = sourcecode.swift; path = FruitHeaderView.swift; sourceTree = "<group>"; };
		A024AAEE28DE7245009E9F09 /* SourceLinkView.swift */ = {isa = PBXFileReference; lastKnownFileType = sourcecode.swift; path = SourceLinkView.swift; sourceTree = "<group>"; };
		A024AAF028DFCCB2009E9F09 /* FruitNutrientsView.swift */ = {isa = PBXFileReference; lastKnownFileType = sourcecode.swift; path = FruitNutrientsView.swift; sourceTree = "<group>"; };
		A024AAF228DFDC4F009E9F09 /* SettingsView.swift */ = {isa = PBXFileReference; lastKnownFileType = sourcecode.swift; path = SettingsView.swift; sourceTree = "<group>"; };
		A02B10F628BC7240001AACEB /* Fructus.app */ = {isa = PBXFileReference; explicitFileType = wrapper.application; includeInIndex = 0; path = Fructus.app; sourceTree = BUILT_PRODUCTS_DIR; };
		A02B10F928BC7240001AACEB /* FructusApp.swift */ = {isa = PBXFileReference; lastKnownFileType = sourcecode.swift; path = FructusApp.swift; sourceTree = "<group>"; };
		A02B10FB28BC7240001AACEB /* ContentView.swift */ = {isa = PBXFileReference; lastKnownFileType = sourcecode.swift; path = ContentView.swift; sourceTree = "<group>"; };
		A02B10FD28BC7243001AACEB /* Assets.xcassets */ = {isa = PBXFileReference; lastKnownFileType = folder.assetcatalog; path = Assets.xcassets; sourceTree = "<group>"; };
		A02B110028BC7243001AACEB /* Preview Assets.xcassets */ = {isa = PBXFileReference; lastKnownFileType = folder.assetcatalog; path = "Preview Assets.xcassets"; sourceTree = "<group>"; };
		A02B110828BC77AB001AACEB /* FruitCardView.swift */ = {isa = PBXFileReference; lastKnownFileType = sourcecode.swift; path = FruitCardView.swift; sourceTree = "<group>"; };
		A02B110B28BDA4EB001AACEB /* StartButtonView.swift */ = {isa = PBXFileReference; lastKnownFileType = sourcecode.swift; path = StartButtonView.swift; sourceTree = "<group>"; };
		A02B110D28BDADC8001AACEB /* OnboardingView.swift */ = {isa = PBXFileReference; lastKnownFileType = sourcecode.swift; path = OnboardingView.swift; sourceTree = "<group>"; };
		A02B111328BDB1DC001AACEB /* FruitData.swift */ = {isa = PBXFileReference; lastKnownFileType = sourcecode.swift; path = FruitData.swift; sourceTree = "<group>"; };
		A0B5E57428E77EAC00744CC5 /* SettingsLabelView.swift */ = {isa = PBXFileReference; lastKnownFileType = sourcecode.swift; path = SettingsLabelView.swift; sourceTree = "<group>"; };
		A0E5027428EA6A450078DD40 /* SettingsRowView.swift */ = {isa = PBXFileReference; lastKnownFileType = sourcecode.swift; path = SettingsRowView.swift; sourceTree = "<group>"; };
		A0EAD10628C43695008464F1 /* FruitModel.swift */ = {isa = PBXFileReference; lastKnownFileType = sourcecode.swift; path = FruitModel.swift; sourceTree = "<group>"; };
/* End PBXFileReference section */

/* Begin PBXFrameworksBuildPhase section */
		A02B10F328BC7240001AACEB /* Frameworks */ = {
			isa = PBXFrameworksBuildPhase;
			buildActionMask = 2147483647;
			files = (
			);
			runOnlyForDeploymentPostprocessing = 0;
		};
/* End PBXFrameworksBuildPhase section */

/* Begin PBXGroup section */
		A02B10ED28BC7240001AACEB = {
			isa = PBXGroup;
			children = (
				A02B10F828BC7240001AACEB /* Fructus */,
				A02B10F728BC7240001AACEB /* Products */,
			);
			sourceTree = "<group>";
		};
		A02B10F728BC7240001AACEB /* Products */ = {
			isa = PBXGroup;
			children = (
				A02B10F628BC7240001AACEB /* Fructus.app */,
			);
			name = Products;
			sourceTree = "<group>";
		};
		A02B10F828BC7240001AACEB /* Fructus */ = {
			isa = PBXGroup;
			children = (
				A02B110728BC7756001AACEB /* App */,
				A02B111228BDB1C9001AACEB /* Data */,
				A0EAD10828C436AD008464F1 /* Model */,
				A02B110A28BC77AF001AACEB /* View */,
				A02B10FF28BC7243001AACEB /* Preview Content */,
				A02B10FD28BC7243001AACEB /* Assets.xcassets */,
			);
			path = Fructus;
			sourceTree = "<group>";
		};
		A02B10FF28BC7243001AACEB /* Preview Content */ = {
			isa = PBXGroup;
			children = (
				A02B110028BC7243001AACEB /* Preview Assets.xcassets */,
			);
			path = "Preview Content";
			sourceTree = "<group>";
		};
		A02B110728BC7756001AACEB /* App */ = {
			isa = PBXGroup;
			children = (
				A02B10F928BC7240001AACEB /* FructusApp.swift */,
				A02B10FB28BC7240001AACEB /* ContentView.swift */,
				A02B110D28BDADC8001AACEB /* OnboardingView.swift */,
				A024AAEA28DE637E009E9F09 /* FruitDetailView.swift */,
				A024AAF228DFDC4F009E9F09 /* SettingsView.swift */,
			);
			path = App;
			sourceTree = "<group>";
		};
		A02B110A28BC77AF001AACEB /* View */ = {
			isa = PBXGroup;
			children = (
				A02B110828BC77AB001AACEB /* FruitCardView.swift */,
				A02B110B28BDA4EB001AACEB /* StartButtonView.swift */,
				A0131E5528DD863C008E6522 /* FruitRowView.swift */,
				A024AAEC28DE68C7009E9F09 /* FruitHeaderView.swift */,
				A024AAEE28DE7245009E9F09 /* SourceLinkView.swift */,
				A024AAF028DFCCB2009E9F09 /* FruitNutrientsView.swift */,
				A0B5E57428E77EAC00744CC5 /* SettingsLabelView.swift */,
				A0E5027428EA6A450078DD40 /* SettingsRowView.swift */,
			);
			path = View;
			sourceTree = "<group>";
		};
		A02B111228BDB1C9001AACEB /* Data */ = {
			isa = PBXGroup;
			children = (
				A02B111328BDB1DC001AACEB /* FruitData.swift */,
			);
			path = Data;
			sourceTree = "<group>";
		};
		A0EAD10828C436AD008464F1 /* Model */ = {
			isa = PBXGroup;
			children = (
				A0EAD10628C43695008464F1 /* FruitModel.swift */,
			);
			path = Model;
			sourceTree = "<group>";
		};
/* End PBXGroup section */

/* Begin PBXNativeTarget section */
		A02B10F528BC7240001AACEB /* Fructus */ = {
			isa = PBXNativeTarget;
			buildConfigurationList = A02B110428BC7243001AACEB /* Build configuration list for PBXNativeTarget "Fructus" */;
			buildPhases = (
				A02B10F228BC7240001AACEB /* Sources */,
				A02B10F328BC7240001AACEB /* Frameworks */,
				A02B10F428BC7240001AACEB /* Resources */,
			);
			buildRules = (
			);
			dependencies = (
			);
			name = Fructus;
			productName = Fructus;
			productReference = A02B10F628BC7240001AACEB /* Fructus.app */;
			productType = "com.apple.product-type.application";
		};
/* End PBXNativeTarget section */

/* Begin PBXProject section */
		A02B10EE28BC7240001AACEB /* Project object */ = {
			isa = PBXProject;
			attributes = {
				BuildIndependentTargetsInParallel = 1;
				LastSwiftUpdateCheck = 1320;
				LastUpgradeCheck = 1320;
				TargetAttributes = {
					A02B10F528BC7240001AACEB = {
						CreatedOnToolsVersion = 13.2.1;
					};
				};
			};
			buildConfigurationList = A02B10F128BC7240001AACEB /* Build configuration list for PBXProject "Fructus" */;
			compatibilityVersion = "Xcode 13.0";
			developmentRegion = en;
			hasScannedForEncodings = 0;
			knownRegions = (
				en,
				Base,
			);
			mainGroup = A02B10ED28BC7240001AACEB;
			productRefGroup = A02B10F728BC7240001AACEB /* Products */;
			projectDirPath = "";
			projectRoot = "";
			targets = (
				A02B10F528BC7240001AACEB /* Fructus */,
			);
		};
/* End PBXProject section */

/* Begin PBXResourcesBuildPhase section */
		A02B10F428BC7240001AACEB /* Resources */ = {
			isa = PBXResourcesBuildPhase;
			buildActionMask = 2147483647;
			files = (
				A02B110128BC7243001AACEB /* Preview Assets.xcassets in Resources */,
				A02B10FE28BC7243001AACEB /* Assets.xcassets in Resources */,
			);
			runOnlyForDeploymentPostprocessing = 0;
		};
/* End PBXResourcesBuildPhase section */

/* Begin PBXSourcesBuildPhase section */
		A02B10F228BC7240001AACEB /* Sources */ = {
			isa = PBXSourcesBuildPhase;
			buildActionMask = 2147483647;
			files = (
				A02B111428BDB1DC001AACEB /* FruitData.swift in Sources */,
				A024AAEF28DE7245009E9F09 /* SourceLinkView.swift in Sources */,
				A0E5027528EA6A450078DD40 /* SettingsRowView.swift in Sources */,
				A02B10FC28BC7240001AACEB /* ContentView.swift in Sources */,
				A0131E5628DD863C008E6522 /* FruitRowView.swift in Sources */,
				A024AAF128DFCCB2009E9F09 /* FruitNutrientsView.swift in Sources */,
				A0EAD10728C43695008464F1 /* FruitModel.swift in Sources */,
				A024AAEB28DE637E009E9F09 /* FruitDetailView.swift in Sources */,
				A02B110C28BDA4EB001AACEB /* StartButtonView.swift in Sources */,
				A024AAED28DE68C7009E9F09 /* FruitHeaderView.swift in Sources */,
				A02B10FA28BC7240001AACEB /* FructusApp.swift in Sources */,
				A0B5E57528E77EAC00744CC5 /* SettingsLabelView.swift in Sources */,
				A02B110E28BDADC8001AACEB /* OnboardingView.swift in Sources */,
				A02B110928BC77AB001AACEB /* FruitCardView.swift in Sources */,
				A024AAF328DFDC4F009E9F09 /* SettingsView.swift in Sources */,
			);
			runOnlyForDeploymentPostprocessing = 0;
		};
/* End PBXSourcesBuildPhase section */

/* Begin XCBuildConfiguration section */
		A02B110228BC7243001AACEB /* Debug */ = {
			isa = XCBuildConfiguration;
			buildSettings = {
				ALWAYS_SEARCH_USER_PATHS = NO;
				CLANG_ANALYZER_NONNULL = YES;
				CLANG_ANALYZER_NUMBER_OBJECT_CONVERSION = YES_AGGRESSIVE;
				CLANG_CXX_LANGUAGE_STANDARD = "gnu++17";
				CLANG_CXX_LIBRARY = "libc++";
				CLANG_ENABLE_MODULES = YES;
				CLANG_ENABLE_OBJC_ARC = YES;
				CLANG_ENABLE_OBJC_WEAK = YES;
				CLANG_WARN_BLOCK_CAPTURE_AUTORELEASING = YES;
				CLANG_WARN_BOOL_CONVERSION = YES;
				CLANG_WARN_COMMA = YES;
				CLANG_WARN_CONSTANT_CONVERSION = YES;
				CLANG_WARN_DEPRECATED_OBJC_IMPLEMENTATIONS = YES;
				CLANG_WARN_DIRECT_OBJC_ISA_USAGE = YES_ERROR;
				CLANG_WARN_DOCUMENTATION_COMMENTS = YES;
				CLANG_WARN_EMPTY_BODY = YES;
				CLANG_WARN_ENUM_CONVERSION = YES;
				CLANG_WARN_INFINITE_RECURSION = YES;
				CLANG_WARN_INT_CONVERSION = YES;
				CLANG_WARN_NON_LITERAL_NULL_CONVERSION = YES;
				CLANG_WARN_OBJC_IMPLICIT_RETAIN_SELF = YES;
				CLANG_WARN_OBJC_LITERAL_CONVERSION = YES;
				CLANG_WARN_OBJC_ROOT_CLASS = YES_ERROR;
				CLANG_WARN_QUOTED_INCLUDE_IN_FRAMEWORK_HEADER = YES;
				CLANG_WARN_RANGE_LOOP_ANALYSIS = YES;
				CLANG_WARN_STRICT_PROTOTYPES = YES;
				CLANG_WARN_SUSPICIOUS_MOVE = YES;
				CLANG_WARN_UNGUARDED_AVAILABILITY = YES_AGGRESSIVE;
				CLANG_WARN_UNREACHABLE_CODE = YES;
				CLANG_WARN__DUPLICATE_METHOD_MATCH = YES;
				COPY_PHASE_STRIP = NO;
				DEBUG_INFORMATION_FORMAT = dwarf;
				ENABLE_STRICT_OBJC_MSGSEND = YES;
				ENABLE_TESTABILITY = YES;
				GCC_C_LANGUAGE_STANDARD = gnu11;
				GCC_DYNAMIC_NO_PIC = NO;
				GCC_NO_COMMON_BLOCKS = YES;
				GCC_OPTIMIZATION_LEVEL = 0;
				GCC_PREPROCESSOR_DEFINITIONS = (
					"DEBUG=1",
					"$(inherited)",
				);
				GCC_WARN_64_TO_32_BIT_CONVERSION = YES;
				GCC_WARN_ABOUT_RETURN_TYPE = YES_ERROR;
				GCC_WARN_UNDECLARED_SELECTOR = YES;
				GCC_WARN_UNINITIALIZED_AUTOS = YES_AGGRESSIVE;
				GCC_WARN_UNUSED_FUNCTION = YES;
				GCC_WARN_UNUSED_VARIABLE = YES;
				IPHONEOS_DEPLOYMENT_TARGET = 15.2;
				MTL_ENABLE_DEBUG_INFO = INCLUDE_SOURCE;
				MTL_FAST_MATH = YES;
				ONLY_ACTIVE_ARCH = YES;
				SDKROOT = iphoneos;
				SWIFT_ACTIVE_COMPILATION_CONDITIONS = DEBUG;
				SWIFT_OPTIMIZATION_LEVEL = "-Onone";
			};
			name = Debug;
		};
		A02B110328BC7243001AACEB /* Release */ = {
			isa = XCBuildConfiguration;
			buildSettings = {
				ALWAYS_SEARCH_USER_PATHS = NO;
				CLANG_ANALYZER_NONNULL = YES;
				CLANG_ANALYZER_NUMBER_OBJECT_CONVERSION = YES_AGGRESSIVE;
				CLANG_CXX_LANGUAGE_STANDARD = "gnu++17";
				CLANG_CXX_LIBRARY = "libc++";
				CLANG_ENABLE_MODULES = YES;
				CLANG_ENABLE_OBJC_ARC = YES;
				CLANG_ENABLE_OBJC_WEAK = YES;
				CLANG_WARN_BLOCK_CAPTURE_AUTORELEASING = YES;
				CLANG_WARN_BOOL_CONVERSION = YES;
				CLANG_WARN_COMMA = YES;
				CLANG_WARN_CONSTANT_CONVERSION = YES;
				CLANG_WARN_DEPRECATED_OBJC_IMPLEMENTATIONS = YES;
				CLANG_WARN_DIRECT_OBJC_ISA_USAGE = YES_ERROR;
				CLANG_WARN_DOCUMENTATION_COMMENTS = YES;
				CLANG_WARN_EMPTY_BODY = YES;
				CLANG_WARN_ENUM_CONVERSION = YES;
				CLANG_WARN_INFINITE_RECURSION = YES;
				CLANG_WARN_INT_CONVERSION = YES;
				CLANG_WARN_NON_LITERAL_NULL_CONVERSION = YES;
				CLANG_WARN_OBJC_IMPLICIT_RETAIN_SELF = YES;
				CLANG_WARN_OBJC_LITERAL_CONVERSION = YES;
				CLANG_WARN_OBJC_ROOT_CLASS = YES_ERROR;
				CLANG_WARN_QUOTED_INCLUDE_IN_FRAMEWORK_HEADER = YES;
				CLANG_WARN_RANGE_LOOP_ANALYSIS = YES;
				CLANG_WARN_STRICT_PROTOTYPES = YES;
				CLANG_WARN_SUSPICIOUS_MOVE = YES;
				CLANG_WARN_UNGUARDED_AVAILABILITY = YES_AGGRESSIVE;
				CLANG_WARN_UNREACHABLE_CODE = YES;
				CLANG_WARN__DUPLICATE_METHOD_MATCH = YES;
				COPY_PHASE_STRIP = NO;
				DEBUG_INFORMATION_FORMAT = "dwarf-with-dsym";
				ENABLE_NS_ASSERTIONS = NO;
				ENABLE_STRICT_OBJC_MSGSEND = YES;
				GCC_C_LANGUAGE_STANDARD = gnu11;
				GCC_NO_COMMON_BLOCKS = YES;
				GCC_WARN_64_TO_32_BIT_CONVERSION = YES;
				GCC_WARN_ABOUT_RETURN_TYPE = YES_ERROR;
				GCC_WARN_UNDECLARED_SELECTOR = YES;
				GCC_WARN_UNINITIALIZED_AUTOS = YES_AGGRESSIVE;
				GCC_WARN_UNUSED_FUNCTION = YES;
				GCC_WARN_UNUSED_VARIABLE = YES;
				IPHONEOS_DEPLOYMENT_TARGET = 15.2;
				MTL_ENABLE_DEBUG_INFO = NO;
				MTL_FAST_MATH = YES;
				SDKROOT = iphoneos;
				SWIFT_COMPILATION_MODE = wholemodule;
				SWIFT_OPTIMIZATION_LEVEL = "-O";
				VALIDATE_PRODUCT = YES;
			};
			name = Release;
		};
		A02B110528BC7243001AACEB /* Debug */ = {
			isa = XCBuildConfiguration;
			buildSettings = {
				ASSETCATALOG_COMPILER_APPICON_NAME = AppIcon;
				ASSETCATALOG_COMPILER_GLOBAL_ACCENT_COLOR_NAME = AccentColor;
				CODE_SIGN_STYLE = Automatic;
				CURRENT_PROJECT_VERSION = 1;
				DEVELOPMENT_ASSET_PATHS = "\"Fructus/Preview Content\"";
				DEVELOPMENT_TEAM = 6V2ZR3A87S;
				ENABLE_PREVIEWS = YES;
				GENERATE_INFOPLIST_FILE = YES;
				INFOPLIST_KEY_UIApplicationSceneManifest_Generation = YES;
				INFOPLIST_KEY_UIApplicationSupportsIndirectInputEvents = YES;
				INFOPLIST_KEY_UILaunchScreen_Generation = YES;
				INFOPLIST_KEY_UISupportedInterfaceOrientations = UIInterfaceOrientationPortrait;
				INFOPLIST_KEY_UISupportedInterfaceOrientations_iPad = "UIInterfaceOrientationPortrait UIInterfaceOrientationPortraitUpsideDown UIInterfaceOrientationLandscapeLeft UIInterfaceOrientationLandscapeRight";
				INFOPLIST_KEY_UISupportedInterfaceOrientations_iPhone = "UIInterfaceOrientationPortrait UIInterfaceOrientationLandscapeLeft UIInterfaceOrientationLandscapeRight";
				LD_RUNPATH_SEARCH_PATHS = (
					"$(inherited)",
					"@executable_path/Frameworks",
				);
				MARKETING_VERSION = 1.0;
				PRODUCT_BUNDLE_IDENTIFIER = com.JuanFranciscoBazanCarrizo.Fructus;
				PRODUCT_NAME = "$(TARGET_NAME)";
				SWIFT_EMIT_LOC_STRINGS = YES;
				SWIFT_VERSION = 5.0;
				TARGETED_DEVICE_FAMILY = "1,2";
			};
			name = Debug;
		};
		A02B110628BC7243001AACEB /* Release */ = {
			isa = XCBuildConfiguration;
			buildSettings = {
				ASSETCATALOG_COMPILER_APPICON_NAME = AppIcon;
				ASSETCATALOG_COMPILER_GLOBAL_ACCENT_COLOR_NAME = AccentColor;
				CODE_SIGN_STYLE = Automatic;
				CURRENT_PROJECT_VERSION = 1;
				DEVELOPMENT_ASSET_PATHS = "\"Fructus/Preview Content\"";
				DEVELOPMENT_TEAM = 6V2ZR3A87S;
				ENABLE_PREVIEWS = YES;
				GENERATE_INFOPLIST_FILE = YES;
				INFOPLIST_KEY_UIApplicationSceneManifest_Generation = YES;
				INFOPLIST_KEY_UIApplicationSupportsIndirectInputEvents = YES;
				INFOPLIST_KEY_UILaunchScreen_Generation = YES;
				INFOPLIST_KEY_UISupportedInterfaceOrientations = UIInterfaceOrientationPortrait;
				INFOPLIST_KEY_UISupportedInterfaceOrientations_iPad = "UIInterfaceOrientationPortrait UIInterfaceOrientationPortraitUpsideDown UIInterfaceOrientationLandscapeLeft UIInterfaceOrientationLandscapeRight";
				INFOPLIST_KEY_UISupportedInterfaceOrientations_iPhone = "UIInterfaceOrientationPortrait UIInterfaceOrientationLandscapeLeft UIInterfaceOrientationLandscapeRight";
				LD_RUNPATH_SEARCH_PATHS = (
					"$(inherited)",
					"@executable_path/Frameworks",
				);
				MARKETING_VERSION = 1.0;
				PRODUCT_BUNDLE_IDENTIFIER = com.JuanFranciscoBazanCarrizo.Fructus;
				PRODUCT_NAME = "$(TARGET_NAME)";
				SWIFT_EMIT_LOC_STRINGS = YES;
				SWIFT_VERSION = 5.0;
				TARGETED_DEVICE_FAMILY = "1,2";
			};
			name = Release;
		};
/* End XCBuildConfiguration section */

/* Begin XCConfigurationList section */
		A02B10F128BC7240001AACEB /* Build configuration list for PBXProject "Fructus" */ = {
			isa = XCConfigurationList;
			buildConfigurations = (
				A02B110228BC7243001AACEB /* Debug */,
				A02B110328BC7243001AACEB /* Release */,
			);
			defaultConfigurationIsVisible = 0;
			defaultConfigurationName = Release;
		};
		A02B110428BC7243001AACEB /* Build configuration list for PBXNativeTarget "Fructus" */ = {
			isa = XCConfigurationList;
			buildConfigurations = (
				A02B110528BC7243001AACEB /* Debug */,
				A02B110628BC7243001AACEB /* Release */,
			);
			defaultConfigurationIsVisible = 0;
			defaultConfigurationName = Release;
		};
/* End XCConfigurationList section */
	};
	rootObject = A02B10EE28BC7240001AACEB /* Project object */;
}
